
Microsoft Visual Studio Solution File, Format Version 12.00
# Visual Studio Version 17
VisualStudioVersion = 17.4.33213.308
MinimumVisualStudioVersion = 10.0.40219.1
Project("{9A19103F-16F7-4668-BE54-9A1E7A4F7556}") = "Program", "Program.csproj", "{34DF2904-2CB2-410F-A952-2182B4514CAE}"
EndProject
Global
	GlobalSection(SolutionConfigurationPlatforms) = preSolution
		Debug|Any CPU = Debug|Any CPU
		Release|Any CPU = Release|Any CPU
	EndGlobalSection
	GlobalSection(ProjectConfigurationPlatforms) = postSolution
		{34DF2904-2CB2-410F-A952-2182B4514CAE}.Debug|Any CPU.ActiveCfg = Debug|Any CPU
		{34DF2904-2CB2-410F-A952-2182B4514CAE}.Debug|Any CPU.Build.0 = Debug|Any CPU
		{34DF2904-2CB2-410F-A952-2182B4514CAE}.Release|Any CPU.ActiveCfg = Release|Any CPU
		{34DF2904-2CB2-410F-A952-2182B4514CAE}.Release|Any CPU.Build.0 = Release|Any CPU
	EndGlobalSection
	GlobalSection(SolutionProperties) = preSolution
		HideSolutionNode = FALSE
	EndGlobalSection
	GlobalSection(ExtensibilityGlobals) = postSolution
		SolutionGuid = {A180373B-7AC2-4176-AE1E-5261EED87121}
	EndGlobalSection
EndGlobal
